// !$*UTF8*$!
{
	archiveVersion = 1;
	classes = {
	};
	objectVersion = 46;
	objects = {

/* Begin PBXBuildFile section */
		95CC51941F9268380062906E /* AppDelegate.swift in Sources */ = {isa = PBXBuildFile; fileRef = 95CC51931F9268380062906E /* AppDelegate.swift */; };
		95CC51991F92683A0062906E /* Main.storyboard in Resources */ = {isa = PBXBuildFile; fileRef = 95CC51971F9268390062906E /* Main.storyboard */; settings = {ASSET_TAGS = (cellID, ); }; };
		95CC519B1F92683B0062906E /* Assets.xcassets in Resources */ = {isa = PBXBuildFile; fileRef = 95CC519A1F92683B0062906E /* Assets.xcassets */; };
		95CC519E1F92683C0062906E /* LaunchScreen.storyboard in Resources */ = {isa = PBXBuildFile; fileRef = 95CC519C1F92683C0062906E /* LaunchScreen.storyboard */; };
		95CC51A91F92683F0062906E /* ShoppingListAppTests.swift in Sources */ = {isa = PBXBuildFile; fileRef = 95CC51A81F92683F0062906E /* ShoppingListAppTests.swift */; };
		95CC51B41F9268D80062906E /* ShoppingListViewController.swift in Sources */ = {isa = PBXBuildFile; fileRef = 95CC51B31F9268D80062906E /* ShoppingListViewController.swift */; };
/* End PBXBuildFile section */

/* Begin PBXContainerItemProxy section */
		95CC51A51F92683F0062906E /* PBXContainerItemProxy */ = {
			isa = PBXContainerItemProxy;
			containerPortal = 95CC51881F9268350062906E /* Project object */;
			proxyType = 1;
			remoteGlobalIDString = 95CC518F1F9268370062906E;
			remoteInfo = ShoppingListApp;
		};
/* End PBXContainerItemProxy section */

/* Begin PBXFileReference section */
		95CC51901F9268370062906E /* ShoppingListApp.app */ = {isa = PBXFileReference; explicitFileType = wrapper.application; includeInIndex = 0; path = ShoppingListApp.app; sourceTree = BUILT_PRODUCTS_DIR; };
		95CC51931F9268380062906E /* AppDelegate.swift */ = {isa = PBXFileReference; lastKnownFileType = sourcecode.swift; path = AppDelegate.swift; sourceTree = "<group>"; };
		95CC51981F92683A0062906E /* Base */ = {isa = PBXFileReference; lastKnownFileType = file.storyboard; name = Base; path = Base.lproj/Main.storyboard; sourceTree = "<group>"; };
		95CC519A1F92683B0062906E /* Assets.xcassets */ = {isa = PBXFileReference; lastKnownFileType = folder.assetcatalog; path = Assets.xcassets; sourceTree = "<group>"; };
		95CC519D1F92683C0062906E /* Base */ = {isa = PBXFileReference; lastKnownFileType = file.storyboard; name = Base; path = Base.lproj/LaunchScreen.storyboard; sourceTree = "<group>"; };
		95CC519F1F92683C0062906E /* Info.plist */ = {isa = PBXFileReference; lastKnownFileType = text.plist.xml; path = Info.plist; sourceTree = "<group>"; };
		95CC51A41F92683E0062906E /* ShoppingListAppTests.xctest */ = {isa = PBXFileReference; explicitFileType = wrapper.cfbundle; includeInIndex = 0; path = ShoppingListAppTests.xctest; sourceTree = BUILT_PRODUCTS_DIR; };
		95CC51A81F92683F0062906E /* ShoppingListAppTests.swift */ = {isa = PBXFileReference; lastKnownFileType = sourcecode.swift; path = ShoppingListAppTests.swift; sourceTree = "<group>"; };
		95CC51AA1F92683F0062906E /* Info.plist */ = {isa = PBXFileReference; lastKnownFileType = text.plist.xml; path = Info.plist; sourceTree = "<group>"; };
		95CC51B31F9268D80062906E /* ShoppingListViewController.swift */ = {isa = PBXFileReference; fileEncoding = 4; lastKnownFileType = sourcecode.swift; path = ShoppingListViewController.swift; sourceTree = "<group>"; };
/* End PBXFileReference section */

/* Begin PBXFrameworksBuildPhase section */
		95CC518D1F9268370062906E /* Frameworks */ = {
			isa = PBXFrameworksBuildPhase;
			buildActionMask = 2147483647;
			files = (
			);
			runOnlyForDeploymentPostprocessing = 0;
		};
		95CC51A11F92683E0062906E /* Frameworks */ = {
			isa = PBXFrameworksBuildPhase;
			buildActionMask = 2147483647;
			files = (
			);
			runOnlyForDeploymentPostprocessing = 0;
		};
/* End PBXFrameworksBuildPhase section */

/* Begin PBXGroup section */
		95CC51871F9268340062906E = {
			isa = PBXGroup;
			children = (
				95CC51921F9268370062906E /* ShoppingListApp */,
				95CC51A71F92683F0062906E /* ShoppingListAppTests */,
				95CC51911F9268370062906E /* Products */,
			);
			sourceTree = "<group>";
		};
		95CC51911F9268370062906E /* Products */ = {
			isa = PBXGroup;
			children = (
				95CC51901F9268370062906E /* ShoppingListApp.app */,
				95CC51A41F92683E0062906E /* ShoppingListAppTests.xctest */,
			);
			name = Products;
			sourceTree = "<group>";
		};
		95CC51921F9268370062906E /* ShoppingListApp */ = {
			isa = PBXGroup;
			children = (
				95CC51931F9268380062906E /* AppDelegate.swift */,
				95CC51971F9268390062906E /* Main.storyboard */,
				95CC51B31F9268D80062906E /* ShoppingListViewController.swift */,
				95CC519A1F92683B0062906E /* Assets.xcassets */,
				95CC519C1F92683C0062906E /* LaunchScreen.storyboard */,
				95CC519F1F92683C0062906E /* Info.plist */,
			);
			path = ShoppingListApp;
			sourceTree = "<group>";
		};
		95CC51A71F92683F0062906E /* ShoppingListAppTests */ = {
			isa = PBXGroup;
			children = (
				95CC51A81F92683F0062906E /* ShoppingListAppTests.swift */,
				95CC51AA1F92683F0062906E /* Info.plist */,
			);
			path = ShoppingListAppTests;
			sourceTree = "<group>";
		};
/* End PBXGroup section */

/* Begin PBXNativeTarget section */
		95CC518F1F9268370062906E /* ShoppingListApp */ = {
			isa = PBXNativeTarget;
			buildConfigurationList = 95CC51AD1F92683F0062906E /* Build configuration list for PBXNativeTarget "ShoppingListApp" */;
			buildPhases = (
				95CC518C1F9268370062906E /* Sources */,
				95CC518D1F9268370062906E /* Frameworks */,
				95CC518E1F9268370062906E /* Resources */,
			);
			buildRules = (
			);
			dependencies = (
			);
			name = ShoppingListApp;
			productName = ShoppingListApp;
			productReference = 95CC51901F9268370062906E /* ShoppingListApp.app */;
			productType = "com.apple.product-type.application";
		};
		95CC51A31F92683E0062906E /* ShoppingListAppTests */ = {
			isa = PBXNativeTarget;
			buildConfigurationList = 95CC51B01F92683F0062906E /* Build configuration list for PBXNativeTarget "ShoppingListAppTests" */;
			buildPhases = (
				95CC51A01F92683E0062906E /* Sources */,
				95CC51A11F92683E0062906E /* Frameworks */,
				95CC51A21F92683E0062906E /* Resources */,
			);
			buildRules = (
			);
			dependencies = (
				95CC51A61F92683F0062906E /* PBXTargetDependency */,
			);
			name = ShoppingListAppTests;
			productName = ShoppingListAppTests;
			productReference = 95CC51A41F92683E0062906E /* ShoppingListAppTests.xctest */;
			productType = "com.apple.product-type.bundle.unit-test";
		};
/* End PBXNativeTarget section */

/* Begin PBXProject section */
		95CC51881F9268350062906E /* Project object */ = {
			isa = PBXProject;
			attributes = {
				KnownAssetTags = (
					cellID,
				);
				LastSwiftUpdateCheck = 0830;
				LastUpgradeCheck = 0830;
				ORGANIZATIONNAME = "Michiel Everts";
				TargetAttributes = {
					95CC518F1F9268370062906E = {
						CreatedOnToolsVersion = 8.3.3;
						DevelopmentTeam = VCZE6C65XV;
						ProvisioningStyle = Automatic;
					};
					95CC51A31F92683E0062906E = {
						CreatedOnToolsVersion = 8.3.3;
						DevelopmentTeam = VCZE6C65XV;
						ProvisioningStyle = Automatic;
						TestTargetID = 95CC518F1F9268370062906E;
					};
				};
			};
			buildConfigurationList = 95CC518B1F9268350062906E /* Build configuration list for PBXProject "ShoppingListApp" */;
			compatibilityVersion = "Xcode 3.2";
			developmentRegion = English;
			hasScannedForEncodings = 0;
			knownRegions = (
				en,
				Base,
			);
			mainGroup = 95CC51871F9268340062906E;
			productRefGroup = 95CC51911F9268370062906E /* Products */;
			projectDirPath = "";
			projectRoot = "";
			targets = (
				95CC518F1F9268370062906E /* ShoppingListApp */,
				95CC51A31F92683E0062906E /* ShoppingListAppTests */,
			);
		};
/* End PBXProject section */

/* Begin PBXResourcesBuildPhase section */
		95CC518E1F9268370062906E /* Resources */ = {
			isa = PBXResourcesBuildPhase;
			buildActionMask = 2147483647;
			files = (
				95CC519E1F92683C0062906E /* LaunchScreen.storyboard in Resources */,
				95CC519B1F92683B0062906E /* Assets.xcassets in Resources */,
				95CC51991F92683A0062906E /* Main.storyboard in Resources */,
			);
			runOnlyForDeploymentPostprocessing = 0;
		};
		95CC51A21F92683E0062906E /* Resources */ = {
			isa = PBXResourcesBuildPhase;
			buildActionMask = 2147483647;
			files = (
			);
			runOnlyForDeploymentPostprocessing = 0;
		};
/* End PBXResourcesBuildPhase section */

/* Begin PBXSourcesBuildPhase section */
		95CC518C1F9268370062906E /* Sources */ = {
			isa = PBXSourcesBuildPhase;
			buildActionMask = 2147483647;
			files = (
				95CC51B41F9268D80062906E /* ShoppingListViewController.swift in Sources */,
				95CC51941F9268380062906E /* AppDelegate.swift in Sources */,
			);
			runOnlyForDeploymentPostprocessing = 0;
		};
		95CC51A01F92683E0062906E /* Sources */ = {
			isa = PBXSourcesBuildPhase;
			buildActionMask = 2147483647;
			files = (
				95CC51A91F92683F0062906E /* ShoppingListAppTests.swift in Sources */,
			);
			runOnlyForDeploymentPostprocessing = 0;
		};
/* End PBXSourcesBuildPhase section */

/* Begin PBXTargetDependency section */
		95CC51A61F92683F0062906E /* PBXTargetDependency */ = {
			isa = PBXTargetDependency;
			target = 95CC518F1F9268370062906E /* ShoppingListApp */;
			targetProxy = 95CC51A51F92683F0062906E /* PBXContainerItemProxy */;
		};
/* End PBXTargetDependency section */

/* Begin PBXVariantGroup section */
		95CC51971F9268390062906E /* Main.storyboard */ = {
			isa = PBXVariantGroup;
			children = (
				95CC51981F92683A0062906E /* Base */,
			);
			name = Main.storyboard;
			sourceTree = "<group>";
		};
		95CC519C1F92683C0062906E /* LaunchScreen.storyboard */ = {
			isa = PBXVariantGroup;
			children = (
				95CC519D1F92683C0062906E /* Base */,
			);
			name = LaunchScreen.storyboard;
			sourceTree = "<group>";
		};
/* End PBXVariantGroup section */

/* Begin XCBuildConfiguration section */
		95CC51AB1F92683F0062906E /* Debug */ = {
			isa = XCBuildConfiguration;
			buildSettings = {
				ALWAYS_SEARCH_USER_PATHS = NO;
				CLANG_ANALYZER_NONNULL = YES;
				CLANG_ANALYZER_NUMBER_OBJECT_CONVERSION = YES_AGGRESSIVE;
				CLANG_CXX_LANGUAGE_STANDARD = "gnu++0x";
				CLANG_CXX_LIBRARY = "libc++";
				CLANG_ENABLE_MODULES = YES;
				CLANG_ENABLE_OBJC_ARC = YES;
				CLANG_WARN_BOOL_CONVERSION = YES;
				CLANG_WARN_CONSTANT_CONVERSION = YES;
				CLANG_WARN_DIRECT_OBJC_ISA_USAGE = YES_ERROR;
				CLANG_WARN_DOCUMENTATION_COMMENTS = YES;
				CLANG_WARN_EMPTY_BODY = YES;
				CLANG_WARN_ENUM_CONVERSION = YES;
				CLANG_WARN_INFINITE_RECURSION = YES;
				CLANG_WARN_INT_CONVERSION = YES;
				CLANG_WARN_OBJC_ROOT_CLASS = YES_ERROR;
				CLANG_WARN_SUSPICIOUS_MOVE = YES;
				CLANG_WARN_UNREACHABLE_CODE = YES;
				CLANG_WARN__DUPLICATE_METHOD_MATCH = YES;
				"CODE_SIGN_IDENTITY[sdk=iphoneos*]" = "iPhone Developer";
				COPY_PHASE_STRIP = NO;
				DEBUG_INFORMATION_FORMAT = dwarf;
				ENABLE_STRICT_OBJC_MSGSEND = YES;
				ENABLE_TESTABILITY = YES;
				GCC_C_LANGUAGE_STANDARD = gnu99;
				GCC_DYNAMIC_NO_PIC = NO;
				GCC_NO_COMMON_BLOCKS = YES;
				GCC_OPTIMIZATION_LEVEL = 0;
				GCC_PREPROCESSOR_DEFINITIONS = (
					"DEBUG=1",
					"$(inherited)",
				);
				GCC_WARN_64_TO_32_BIT_CONVERSION = YES;
				GCC_WARN_ABOUT_RETURN_TYPE = YES_ERROR;
				GCC_WARN_UNDECLARED_SELECTOR = YES;
				GCC_WARN_UNINITIALIZED_AUTOS = YES_AGGRESSIVE;
				GCC_WARN_UNUSED_FUNCTION = YES;
				GCC_WARN_UNUSED_VARIABLE = YES;
				IPHONEOS_DEPLOYMENT_TARGET = 10.3;
				MTL_ENABLE_DEBUG_INFO = YES;
				ONLY_ACTIVE_ARCH = YES;
				SDKROOT = iphoneos;
				SWIFT_ACTIVE_COMPILATION_CONDITIONS = DEBUG;
				SWIFT_OPTIMIZATION_LEVEL = "-Onone";
				TARGETED_DEVICE_FAMILY = "1,2";
			};
			name = Debug;
		};
		95CC51AC1F92683F0062906E /* Release */ = {
			isa = XCBuildConfiguration;
			buildSettings = {
				ALWAYS_SEARCH_USER_PATHS = NO;
				CLANG_ANALYZER_NONNULL = YES;
				CLANG_ANALYZER_NUMBER_OBJECT_CONVERSION = YES_AGGRESSIVE;
				CLANG_CXX_LANGUAGE_STANDARD = "gnu++0x";
				CLANG_CXX_LIBRARY = "libc++";
				CLANG_ENABLE_MODULES = YES;
				CLANG_ENABLE_OBJC_ARC = YES;
				CLANG_WARN_BOOL_CONVERSION = YES;
				CLANG_WARN_CONSTANT_CONVERSION = YES;
				CLANG_WARN_DIRECT_OBJC_ISA_USAGE = YES_ERROR;
				CLANG_WARN_DOCUMENTATION_COMMENTS = YES;
				CLANG_WARN_EMPTY_BODY = YES;
				CLANG_WARN_ENUM_CONVERSION = YES;
				CLANG_WARN_INFINITE_RECURSION = YES;
				CLANG_WARN_INT_CONVERSION = YES;
				CLANG_WARN_OBJC_ROOT_CLASS = YES_ERROR;
				CLANG_WARN_SUSPICIOUS_MOVE = YES;
				CLANG_WARN_UNREACHABLE_CODE = YES;
				CLANG_WARN__DUPLICATE_METHOD_MATCH = YES;
				"CODE_SIGN_IDENTITY[sdk=iphoneos*]" = "iPhone Developer";
				COPY_PHASE_STRIP = NO;
				DEBUG_INFORMATION_FORMAT = "dwarf-with-dsym";
				ENABLE_NS_ASSERTIONS = NO;
				ENABLE_STRICT_OBJC_MSGSEND = YES;
				GCC_C_LANGUAGE_STANDARD = gnu99;
				GCC_NO_COMMON_BLOCKS = YES;
				GCC_WARN_64_TO_32_BIT_CONVERSION = YES;
				GCC_WARN_ABOUT_RETURN_TYPE = YES_ERROR;
				GCC_WARN_UNDECLARED_SELECTOR = YES;
				GCC_WARN_UNINITIALIZED_AUTOS = YES_AGGRESSIVE;
				GCC_WARN_UNUSED_FUNCTION = YES;
				GCC_WARN_UNUSED_VARIABLE = YES;
				IPHONEOS_DEPLOYMENT_TARGET = 10.3;
				MTL_ENABLE_DEBUG_INFO = NO;
				SDKROOT = iphoneos;
				SWIFT_OPTIMIZATION_LEVEL = "-Owholemodule";
				TARGETED_DEVICE_FAMILY = "1,2";
				VALIDATE_PRODUCT = YES;
			};
			name = Release;
		};
		95CC51AE1F92683F0062906E /* Debug */ = {
			isa = XCBuildConfiguration;
			buildSettings = {
				ASSETCATALOG_COMPILER_APPICON_NAME = AppIcon;
				DEVELOPMENT_TEAM = VCZE6C65XV;
				INFOPLIST_FILE = ShoppingListApp/Info.plist;
				LD_RUNPATH_SEARCH_PATHS = "$(inherited) @executable_path/Frameworks";
				PRODUCT_BUNDLE_IDENTIFIER = michielE.ShoppingListApp;
				PRODUCT_NAME = "$(TARGET_NAME)";
				SWIFT_VERSION = 3.0;
			};
			name = Debug;
		};
		95CC51AF1F92683F0062906E /* Release */ = {
			isa = XCBuildConfiguration;
			buildSettings = {
				ASSETCATALOG_COMPILER_APPICON_NAME = AppIcon;
				DEVELOPMENT_TEAM = VCZE6C65XV;
				INFOPLIST_FILE = ShoppingListApp/Info.plist;
				LD_RUNPATH_SEARCH_PATHS = "$(inherited) @executable_path/Frameworks";
				PRODUCT_BUNDLE_IDENTIFIER = michielE.ShoppingListApp;
				PRODUCT_NAME = "$(TARGET_NAME)";
				SWIFT_VERSION = 3.0;
			};
			name = Release;
		};
		95CC51B11F92683F0062906E /* Debug */ = {
			isa = XCBuildConfiguration;
			buildSettings = {
				ALWAYS_EMBED_SWIFT_STANDARD_LIBRARIES = YES;
				BUNDLE_LOADER = "$(TEST_HOST)";
				DEVELOPMENT_TEAM = VCZE6C65XV;
				INFOPLIST_FILE = ShoppingListAppTests/Info.plist;
				LD_RUNPATH_SEARCH_PATHS = "$(inherited) @executable_path/Frameworks @loader_path/Frameworks";
				PRODUCT_BUNDLE_IDENTIFIER = michielE.ShoppingListAppTests;
				PRODUCT_NAME = "$(TARGET_NAME)";
				SWIFT_VERSION = 3.0;
				TEST_HOST = "$(BUILT_PRODUCTS_DIR)/ShoppingListApp.app/ShoppingListApp";
			};
			name = Debug;
		};
		95CC51B21F92683F0062906E /* Release */ = {
			isa = XCBuildConfiguration;
			buildSettings = {
				ALWAYS_EMBED_SWIFT_STANDARD_LIBRARIES = YES;
				BUNDLE_LOADER = "$(TEST_HOST)";
				DEVELOPMENT_TEAM = VCZE6C65XV;
				INFOPLIST_FILE = ShoppingListAppTests/Info.plist;
				LD_RUNPATH_SEARCH_PATHS = "$(inherited) @executable_path/Frameworks @loader_path/Frameworks";
				PRODUCT_BUNDLE_IDENTIFIER = michielE.ShoppingListAppTests;
				PRODUCT_NAME = "$(TARGET_NAME)";
				SWIFT_VERSION = 3.0;
				TEST_HOST = "$(BUILT_PRODUCTS_DIR)/ShoppingListApp.app/ShoppingListApp";
			};
			name = Release;
		};
/* End XCBuildConfiguration section */

/* Begin XCConfigurationList section */
		95CC518B1F9268350062906E /* Build configuration list for PBXProject "ShoppingListApp" */ = {
			isa = XCConfigurationList;
			buildConfigurations = (
				95CC51AB1F92683F0062906E /* Debug */,
				95CC51AC1F92683F0062906E /* Release */,
			);
			defaultConfigurationIsVisible = 0;
			defaultConfigurationName = Release;
		};
		95CC51AD1F92683F0062906E /* Build configuration list for PBXNativeTarget "ShoppingListApp" */ = {
			isa = XCConfigurationList;
			buildConfigurations = (
				95CC51AE1F92683F0062906E /* Debug */,
				95CC51AF1F92683F0062906E /* Release */,
			);
			defaultConfigurationIsVisible = 0;
		};
		95CC51B01F92683F0062906E /* Build configuration list for PBXNativeTarget "ShoppingListAppTests" */ = {
			isa = XCConfigurationList;
			buildConfigurations = (
				95CC51B11F92683F0062906E /* Debug */,
				95CC51B21F92683F0062906E /* Release */,
			);
			defaultConfigurationIsVisible = 0;
		};
/* End XCConfigurationList section */
	};
	rootObject = 95CC51881F9268350062906E /* Project object */;
}
